
Microsoft Visual Studio Solution File, Format Version 12.00
# Visual Studio 15
VisualStudioVersion = 15.0.27004.2002
MinimumVisualStudioVersion = 10.0.40219.1
Project("{FAE04EC0-301F-11D3-BF4B-00C04F79EFBC}") = "Zadatak1", "Zadatak1\Zadatak1.csproj", "{2613CB8C-D932-42C3-9970-6C20AC10ECBD}"
EndProject
Project("{FAE04EC0-301F-11D3-BF4B-00C04F79EFBC}") = "Main", "Main\Main.csproj", "{A25760E8-1AB3-495D-9399-F6F48B96A36B}"
EndProject
Project("{FAE04EC0-301F-11D3-BF4B-00C04F79EFBC}") = "Zadatak2", "Zadatak2\Zadatak2.csproj", "{8BACB506-DE83-44BF-BCBC-FF94F68D0A0A}"
EndProject
Project("{FAE04EC0-301F-11D3-BF4B-00C04F79EFBC}") = "Zadatak 4", "Zadatak 4\Zadatak 4.csproj", "{05E63459-F52A-45E2-8BAF-B58D07443361}"
EndProject
Project("{FAE04EC0-301F-11D3-BF4B-00C04F79EFBC}") = "zadatak3", "zadatak3\zadatak3.csproj", "{CB504656-26C5-4F19-B543-76B81FCBBE5A}"
EndProject
Project("{FAE04EC0-301F-11D3-BF4B-00C04F79EFBC}") = "Zadatak5", "Zadatak5\Zadatak5.csproj", "{C7E2F505-5467-4C29-9933-4658F478AB69}"
EndProject
Project("{FAE04EC0-301F-11D3-BF4B-00C04F79EFBC}") = "Zadatak 6,7", "Zadatak 6,7\Zadatak 6,7.csproj", "{C76B3547-1CFA-4B60-AD7B-287E911AFD08}"
EndProject
Global
	GlobalSection(SolutionConfigurationPlatforms) = preSolution
		Debug|Any CPU = Debug|Any CPU
		Release|Any CPU = Release|Any CPU
	EndGlobalSection
	GlobalSection(ProjectConfigurationPlatforms) = postSolution
		{2613CB8C-D932-42C3-9970-6C20AC10ECBD}.Debug|Any CPU.ActiveCfg = Debug|Any CPU
		{2613CB8C-D932-42C3-9970-6C20AC10ECBD}.Debug|Any CPU.Build.0 = Debug|Any CPU
		{2613CB8C-D932-42C3-9970-6C20AC10ECBD}.Release|Any CPU.ActiveCfg = Release|Any CPU
		{2613CB8C-D932-42C3-9970-6C20AC10ECBD}.Release|Any CPU.Build.0 = Release|Any CPU
		{A25760E8-1AB3-495D-9399-F6F48B96A36B}.Debug|Any CPU.ActiveCfg = Debug|Any CPU
		{A25760E8-1AB3-495D-9399-F6F48B96A36B}.Debug|Any CPU.Build.0 = Debug|Any CPU
		{A25760E8-1AB3-495D-9399-F6F48B96A36B}.Release|Any CPU.ActiveCfg = Release|Any CPU
		{A25760E8-1AB3-495D-9399-F6F48B96A36B}.Release|Any CPU.Build.0 = Release|Any CPU
		{8BACB506-DE83-44BF-BCBC-FF94F68D0A0A}.Debug|Any CPU.ActiveCfg = Debug|Any CPU
		{8BACB506-DE83-44BF-BCBC-FF94F68D0A0A}.Debug|Any CPU.Build.0 = Debug|Any CPU
		{8BACB506-DE83-44BF-BCBC-FF94F68D0A0A}.Release|Any CPU.ActiveCfg = Release|Any CPU
		{8BACB506-DE83-44BF-BCBC-FF94F68D0A0A}.Release|Any CPU.Build.0 = Release|Any CPU
		{05E63459-F52A-45E2-8BAF-B58D07443361}.Debug|Any CPU.ActiveCfg = Debug|Any CPU
		{05E63459-F52A-45E2-8BAF-B58D07443361}.Debug|Any CPU.Build.0 = Debug|Any CPU
		{05E63459-F52A-45E2-8BAF-B58D07443361}.Release|Any CPU.ActiveCfg = Release|Any CPU
		{05E63459-F52A-45E2-8BAF-B58D07443361}.Release|Any CPU.Build.0 = Release|Any CPU
		{CB504656-26C5-4F19-B543-76B81FCBBE5A}.Debug|Any CPU.ActiveCfg = Debug|Any CPU
		{CB504656-26C5-4F19-B543-76B81FCBBE5A}.Debug|Any CPU.Build.0 = Debug|Any CPU
		{CB504656-26C5-4F19-B543-76B81FCBBE5A}.Release|Any CPU.ActiveCfg = Release|Any CPU
		{CB504656-26C5-4F19-B543-76B81FCBBE5A}.Release|Any CPU.Build.0 = Release|Any CPU
		{C7E2F505-5467-4C29-9933-4658F478AB69}.Debug|Any CPU.ActiveCfg = Debug|Any CPU
		{C7E2F505-5467-4C29-9933-4658F478AB69}.Debug|Any CPU.Build.0 = Debug|Any CPU
		{C7E2F505-5467-4C29-9933-4658F478AB69}.Release|Any CPU.ActiveCfg = Release|Any CPU
		{C7E2F505-5467-4C29-9933-4658F478AB69}.Release|Any CPU.Build.0 = Release|Any CPU
		{C76B3547-1CFA-4B60-AD7B-287E911AFD08}.Debug|Any CPU.ActiveCfg = Debug|Any CPU
		{C76B3547-1CFA-4B60-AD7B-287E911AFD08}.Debug|Any CPU.Build.0 = Debug|Any CPU
		{C76B3547-1CFA-4B60-AD7B-287E911AFD08}.Release|Any CPU.ActiveCfg = Release|Any CPU
		{C76B3547-1CFA-4B60-AD7B-287E911AFD08}.Release|Any CPU.Build.0 = Release|Any CPU
	EndGlobalSection
	GlobalSection(SolutionProperties) = preSolution
		HideSolutionNode = FALSE
	EndGlobalSection
	GlobalSection(ExtensibilityGlobals) = postSolution
		SolutionGuid = {21062E27-8230-42D7-8551-55B0C9D9F69E}
	EndGlobalSection
EndGlobal
